<?xml version="1.0" encoding="UTF-8" standalone="yes" ?>
<CodeBlocks_project_file>
	<FileVersion major="1" minor="6" />
	<Project>
		<Option title="pimpmypcbnewsvg" />
		<Option pch_mode="2" />
		<Option compiler="gcc" />
		<Build>
			<Target title="Debug_linux64">
				<Option output="bin/Debug_linux64/pimpmypcbnewsvg" prefix_auto="1" extension_auto="1" />
				<Option object_output="obj/Debug_linux64/" />
				<Option type="1" />
				<Option compiler="gcc" />
				<Option parameters="/home/h4x0riz3d/kicad_projects/yocto_ext_psu/plots/svg/yocto_ext_psu-F.Cu.svg" />
				<Compiler>
					<Add option="-g" />
				</Compiler>
			</Target>
			<Target title="Release_linux64">
				<Option output="bin/Release_linux64/pimpmypcbnewsvg" prefix_auto="1" extension_auto="1" />
				<Option object_output="obj/Release_linux64/" />
				<Option type="1" />
				<Option compiler="gcc" />
				<Option parameters="/home/h4x0riz3d/kicad_projects/yocto_ext_psu/plots/svg/yocto_ext_psu-F.Cu.svg" />
				<Compiler>
					<Add option="-Os" />
				</Compiler>
			</Target>
		</Build>
		<Compiler>
			<Add option="-Wall" />
			<Add option="-std=c++11" />
		</Compiler>
		<Unit filename="pimpmypcbnewsvg.cpp" />
		<Unit filename="tinyxml2/tinyxml2.cpp" />
		<Unit filename="tinyxml2/tinyxml2.h" />
		<Extensions>
			<envvars />
			<code_completion />
			<debugger />
			<lib_finder disable_auto="1" />
		</Extensions>
	</Project>
</CodeBlocks_project_file>
